
Microsoft Visual Studio Solution File, Format Version 12.00
# Visual Studio Version 17
VisualStudioVersion = 17.11.35222.181
MinimumVisualStudioVersion = 10.0.40219.1
Project("{FAE04EC0-301F-11D3-BF4B-00C04F79EFBC}") = "ProsperDaily", "ProsperDaily\ProsperDaily.csproj", "{729B0D45-2209-40E3-8316-955F1D8E1D96}"
EndProject
Global
	GlobalSection(SolutionConfigurationPlatforms) = preSolution
		Debug|Any CPU = Debug|Any CPU
		Release|Any CPU = Release|Any CPU
	EndGlobalSection
	GlobalSection(ProjectConfigurationPlatforms) = postSolution
		{729B0D45-2209-40E3-8316-955F1D8E1D96}.Debug|Any CPU.ActiveCfg = Debug|Any CPU
		{729B0D45-2209-40E3-8316-955F1D8E1D96}.Debug|Any CPU.Build.0 = Debug|Any CPU
		{729B0D45-2209-40E3-8316-955F1D8E1D96}.Debug|Any CPU.Deploy.0 = Debug|Any CPU
		{729B0D45-2209-40E3-8316-955F1D8E1D96}.Release|Any CPU.ActiveCfg = Release|Any CPU
		{729B0D45-2209-40E3-8316-955F1D8E1D96}.Release|Any CPU.Build.0 = Release|Any CPU
		{729B0D45-2209-40E3-8316-955F1D8E1D96}.Release|Any CPU.Deploy.0 = Release|Any CPU
	EndGlobalSection
	GlobalSection(SolutionProperties) = preSolution
		HideSolutionNode = FALSE
	EndGlobalSection
	GlobalSection(ExtensibilityGlobals) = postSolution
		SolutionGuid = {5C4F2CD3-3BF4-4420-92AD-DA797E3AFA3D}
	EndGlobalSection
EndGlobal
